
Microsoft Visual Studio Solution File, Format Version 12.00
# Visual Studio Version 16
VisualStudioVersion = 16.0.34407.143
MinimumVisualStudioVersion = 10.0.40219.1
Project("{FAE04EC0-301F-11D3-BF4B-00C04F79EFBC}") = "SistProduccionEnC", "SistProduccionEnC\SistProduccionEnC.csproj", "{0522B55E-7371-4F31-84B2-A7073A3F7329}"
EndProject
Global
	GlobalSection(SolutionConfigurationPlatforms) = preSolution
		Debug|Any CPU = Debug|Any CPU
		Release|Any CPU = Release|Any CPU
	EndGlobalSection
	GlobalSection(ProjectConfigurationPlatforms) = postSolution
		{0522B55E-7371-4F31-84B2-A7073A3F7329}.Debug|Any CPU.ActiveCfg = Debug|Any CPU
		{0522B55E-7371-4F31-84B2-A7073A3F7329}.Debug|Any CPU.Build.0 = Debug|Any CPU
		{0522B55E-7371-4F31-84B2-A7073A3F7329}.Release|Any CPU.ActiveCfg = Release|Any CPU
		{0522B55E-7371-4F31-84B2-A7073A3F7329}.Release|Any CPU.Build.0 = Release|Any CPU
	EndGlobalSection
	GlobalSection(SolutionProperties) = preSolution
		HideSolutionNode = FALSE
	EndGlobalSection
	GlobalSection(ExtensibilityGlobals) = postSolution
		SolutionGuid = {14D5E125-BBB2-4054-BF27-D85152B43E36}
	EndGlobalSection
EndGlobal
